
Microsoft Visual Studio Solution File, Format Version 12.00
# Visual Studio 15
VisualStudioVersion = 15.0.28307.1062
MinimumVisualStudioVersion = 10.0.40219.1
Project("{FAE04EC0-301F-11D3-BF4B-00C04F79EFBC}") = "Pleh", "Pleh\Pleh.csproj", "{81E678D9-F074-4826-A33E-C7433FCED5CB}"
EndProject
Global
	GlobalSection(SolutionConfigurationPlatforms) = preSolution
		Debug|Any CPU = Debug|Any CPU
		Release|Any CPU = Release|Any CPU
	EndGlobalSection
	GlobalSection(ProjectConfigurationPlatforms) = postSolution
		{81E678D9-F074-4826-A33E-C7433FCED5CB}.Debug|Any CPU.ActiveCfg = Debug|Any CPU
		{81E678D9-F074-4826-A33E-C7433FCED5CB}.Debug|Any CPU.Build.0 = Debug|Any CPU
		{81E678D9-F074-4826-A33E-C7433FCED5CB}.Release|Any CPU.ActiveCfg = Release|Any CPU
		{81E678D9-F074-4826-A33E-C7433FCED5CB}.Release|Any CPU.Build.0 = Release|Any CPU
	EndGlobalSection
	GlobalSection(SolutionProperties) = preSolution
		HideSolutionNode = FALSE
	EndGlobalSection
	GlobalSection(ExtensibilityGlobals) = postSolution
		SolutionGuid = {794CABB8-91C9-4FDA-BD08-E2773ADB78F9}
	EndGlobalSection
EndGlobal
